{
  "originHash" : "c76170a63ed6ba05607824e344bcfc75df25cadf1cf8c0ebec8d18ac4b494daa",
  "pins" : [
    {
      "identity" : "onewaykit",
      "kind" : "remoteSourceControl",
      "location" : "https://github.com/fomagran/OneWayKit",
      "state" : {
        "revision" : "dd98ec052f67d7e7b887b83d22ae8d1aca833a6c",
        "version" : "1.1.5"
      }
    }
  ],
  "version" : 3
}
