// !$*UTF8*$!
{
	archiveVersion = 1;
	classes = {
	};
	objectVersion = 56;
	objects = {

/* Begin PBXBuildFile section */
		04810FDB2CBA7C4A00376AF1 /* AppDelegate.swift in Sources */ = {isa = PBXBuildFile; fileRef = 04810FDA2CBA7C4A00376AF1 /* AppDelegate.swift */; };
		04810FDD2CBA7C4A00376AF1 /* SceneDelegate.swift in Sources */ = {isa = PBXBuildFile; fileRef = 04810FDC2CBA7C4A00376AF1 /* SceneDelegate.swift */; };
		04810FE22CBA7C4A00376AF1 /* Base in Resources */ = {isa = PBXBuildFile; fileRef = 04810FE12CBA7C4A00376AF1 /* Base */; };
		04810FE42CBA7C4D00376AF1 /* Assets.xcassets in Resources */ = {isa = PBXBuildFile; fileRef = 04810FE32CBA7C4D00376AF1 /* Assets.xcassets */; };
		04810FE72CBA7C4D00376AF1 /* Base in Resources */ = {isa = PBXBuildFile; fileRef = 04810FE62CBA7C4D00376AF1 /* Base */; };
		04810FF22CBA7C4D00376AF1 /* OneWayKitDemoTests.swift in Sources */ = {isa = PBXBuildFile; fileRef = 04810FF12CBA7C4D00376AF1 /* OneWayKitDemoTests.swift */; };
		04810FFC2CBA7C4D00376AF1 /* OneWayKitDemoUITests.swift in Sources */ = {isa = PBXBuildFile; fileRef = 04810FFB2CBA7C4D00376AF1 /* OneWayKitDemoUITests.swift */; };
		04810FFE2CBA7C4E00376AF1 /* OneWayKitDemoUITestsLaunchTests.swift in Sources */ = {isa = PBXBuildFile; fileRef = 04810FFD2CBA7C4E00376AF1 /* OneWayKitDemoUITestsLaunchTests.swift */; };
		0481100C2CBA7CE700376AF1 /* ExampleTableViewController.swift in Sources */ = {isa = PBXBuildFile; fileRef = 0481100B2CBA7CE700376AF1 /* ExampleTableViewController.swift */; };
		0481100E2CBA7EDB00376AF1 /* ToDoViewController.swift in Sources */ = {isa = PBXBuildFile; fileRef = 0481100D2CBA7EDB00376AF1 /* ToDoViewController.swift */; };
		048110102CBA7EFC00376AF1 /* ToDoFeature.swift in Sources */ = {isa = PBXBuildFile; fileRef = 0481100F2CBA7EFC00376AF1 /* ToDoFeature.swift */; };
		048110132CBA7F2400376AF1 /* OneWaykit in Frameworks */ = {isa = PBXBuildFile; productRef = 048110122CBA7F2400376AF1 /* OneWaykit */; };
		048110172CBA7F4C00376AF1 /* AddToDoViewController.swift in Sources */ = {isa = PBXBuildFile; fileRef = 048110162CBA7F4C00376AF1 /* AddToDoViewController.swift */; };
		048110192CBA7F8400376AF1 /* AddToDoFeature.swift in Sources */ = {isa = PBXBuildFile; fileRef = 048110182CBA7F8400376AF1 /* AddToDoFeature.swift */; };
/* End PBXBuildFile section */

/* Begin PBXContainerItemProxy section */
		04810FEE2CBA7C4D00376AF1 /* PBXContainerItemProxy */ = {
			isa = PBXContainerItemProxy;
			containerPortal = 04810FCF2CBA7C4A00376AF1 /* Project object */;
			proxyType = 1;
			remoteGlobalIDString = 04810FD62CBA7C4A00376AF1;
			remoteInfo = OneWayKitDemo;
		};
		04810FF82CBA7C4D00376AF1 /* PBXContainerItemProxy */ = {
			isa = PBXContainerItemProxy;
			containerPortal = 04810FCF2CBA7C4A00376AF1 /* Project object */;
			proxyType = 1;
			remoteGlobalIDString = 04810FD62CBA7C4A00376AF1;
			remoteInfo = OneWayKitDemo;
		};
/* End PBXContainerItemProxy section */

/* Begin PBXFileReference section */
		04810FD72CBA7C4A00376AF1 /* OneWayKitDemo.app */ = {isa = PBXFileReference; explicitFileType = wrapper.application; includeInIndex = 0; path = OneWayKitDemo.app; sourceTree = BUILT_PRODUCTS_DIR; };
		04810FDA2CBA7C4A00376AF1 /* AppDelegate.swift */ = {isa = PBXFileReference; lastKnownFileType = sourcecode.swift; path = AppDelegate.swift; sourceTree = "<group>"; };
		04810FDC2CBA7C4A00376AF1 /* SceneDelegate.swift */ = {isa = PBXFileReference; lastKnownFileType = sourcecode.swift; path = SceneDelegate.swift; sourceTree = "<group>"; };
		04810FE12CBA7C4A00376AF1 /* Base */ = {isa = PBXFileReference; lastKnownFileType = file.storyboard; name = Base; path = Base.lproj/Main.storyboard; sourceTree = "<group>"; };
		04810FE32CBA7C4D00376AF1 /* Assets.xcassets */ = {isa = PBXFileReference; lastKnownFileType = folder.assetcatalog; path = Assets.xcassets; sourceTree = "<group>"; };
		04810FE62CBA7C4D00376AF1 /* Base */ = {isa = PBXFileReference; lastKnownFileType = file.storyboard; name = Base; path = Base.lproj/LaunchScreen.storyboard; sourceTree = "<group>"; };
		04810FE82CBA7C4D00376AF1 /* Info.plist */ = {isa = PBXFileReference; lastKnownFileType = text.plist.xml; path = Info.plist; sourceTree = "<group>"; };
		04810FED2CBA7C4D00376AF1 /* OneWayKitDemoTests.xctest */ = {isa = PBXFileReference; explicitFileType = wrapper.cfbundle; includeInIndex = 0; path = OneWayKitDemoTests.xctest; sourceTree = BUILT_PRODUCTS_DIR; };
		04810FF12CBA7C4D00376AF1 /* OneWayKitDemoTests.swift */ = {isa = PBXFileReference; lastKnownFileType = sourcecode.swift; path = OneWayKitDemoTests.swift; sourceTree = "<group>"; };
		04810FF72CBA7C4D00376AF1 /* OneWayKitDemoUITests.xctest */ = {isa = PBXFileReference; explicitFileType = wrapper.cfbundle; includeInIndex = 0; path = OneWayKitDemoUITests.xctest; sourceTree = BUILT_PRODUCTS_DIR; };
		04810FFB2CBA7C4D00376AF1 /* OneWayKitDemoUITests.swift */ = {isa = PBXFileReference; lastKnownFileType = sourcecode.swift; path = OneWayKitDemoUITests.swift; sourceTree = "<group>"; };
		04810FFD2CBA7C4E00376AF1 /* OneWayKitDemoUITestsLaunchTests.swift */ = {isa = PBXFileReference; lastKnownFileType = sourcecode.swift; path = OneWayKitDemoUITestsLaunchTests.swift; sourceTree = "<group>"; };
		0481100B2CBA7CE700376AF1 /* ExampleTableViewController.swift */ = {isa = PBXFileReference; lastKnownFileType = sourcecode.swift; path = ExampleTableViewController.swift; sourceTree = "<group>"; };
		0481100D2CBA7EDB00376AF1 /* ToDoViewController.swift */ = {isa = PBXFileReference; lastKnownFileType = sourcecode.swift; path = ToDoViewController.swift; sourceTree = "<group>"; };
		0481100F2CBA7EFC00376AF1 /* ToDoFeature.swift */ = {isa = PBXFileReference; lastKnownFileType = sourcecode.swift; path = ToDoFeature.swift; sourceTree = "<group>"; };
		048110162CBA7F4C00376AF1 /* AddToDoViewController.swift */ = {isa = PBXFileReference; lastKnownFileType = sourcecode.swift; path = AddToDoViewController.swift; sourceTree = "<group>"; };
		048110182CBA7F8400376AF1 /* AddToDoFeature.swift */ = {isa = PBXFileReference; lastKnownFileType = sourcecode.swift; path = AddToDoFeature.swift; sourceTree = "<group>"; };
/* End PBXFileReference section */

/* Begin PBXFrameworksBuildPhase section */
		04810FD42CBA7C4A00376AF1 /* Frameworks */ = {
			isa = PBXFrameworksBuildPhase;
			buildActionMask = 2147483647;
			files = (
				048110132CBA7F2400376AF1 /* OneWaykit in Frameworks */,
			);
			runOnlyForDeploymentPostprocessing = 0;
		};
		04810FEA2CBA7C4D00376AF1 /* Frameworks */ = {
			isa = PBXFrameworksBuildPhase;
			buildActionMask = 2147483647;
			files = (
			);
			runOnlyForDeploymentPostprocessing = 0;
		};
		04810FF42CBA7C4D00376AF1 /* Frameworks */ = {
			isa = PBXFrameworksBuildPhase;
			buildActionMask = 2147483647;
			files = (
			);
			runOnlyForDeploymentPostprocessing = 0;
		};
/* End PBXFrameworksBuildPhase section */

/* Begin PBXGroup section */
		04810FCE2CBA7C4A00376AF1 = {
			isa = PBXGroup;
			children = (
				04810FD92CBA7C4A00376AF1 /* OneWayKitDemo */,
				04810FF02CBA7C4D00376AF1 /* OneWayKitDemoTests */,
				04810FFA2CBA7C4D00376AF1 /* OneWayKitDemoUITests */,
				04810FD82CBA7C4A00376AF1 /* Products */,
			);
			sourceTree = "<group>";
		};
		04810FD82CBA7C4A00376AF1 /* Products */ = {
			isa = PBXGroup;
			children = (
				04810FD72CBA7C4A00376AF1 /* OneWayKitDemo.app */,
				04810FED2CBA7C4D00376AF1 /* OneWayKitDemoTests.xctest */,
				04810FF72CBA7C4D00376AF1 /* OneWayKitDemoUITests.xctest */,
			);
			name = Products;
			sourceTree = "<group>";
		};
		04810FD92CBA7C4A00376AF1 /* OneWayKitDemo */ = {
			isa = PBXGroup;
			children = (
				0481100A2CBA7C5800376AF1 /* ToDo */,
				04810FDA2CBA7C4A00376AF1 /* AppDelegate.swift */,
				04810FDC2CBA7C4A00376AF1 /* SceneDelegate.swift */,
				0481100B2CBA7CE700376AF1 /* ExampleTableViewController.swift */,
				04810FE02CBA7C4A00376AF1 /* Main.storyboard */,
				04810FE32CBA7C4D00376AF1 /* Assets.xcassets */,
				04810FE52CBA7C4D00376AF1 /* LaunchScreen.storyboard */,
				04810FE82CBA7C4D00376AF1 /* Info.plist */,
			);
			path = OneWayKitDemo;
			sourceTree = "<group>";
		};
		04810FF02CBA7C4D00376AF1 /* OneWayKitDemoTests */ = {
			isa = PBXGroup;
			children = (
				04810FF12CBA7C4D00376AF1 /* OneWayKitDemoTests.swift */,
			);
			path = OneWayKitDemoTests;
			sourceTree = "<group>";
		};
		04810FFA2CBA7C4D00376AF1 /* OneWayKitDemoUITests */ = {
			isa = PBXGroup;
			children = (
				04810FFB2CBA7C4D00376AF1 /* OneWayKitDemoUITests.swift */,
				04810FFD2CBA7C4E00376AF1 /* OneWayKitDemoUITestsLaunchTests.swift */,
			);
			path = OneWayKitDemoUITests;
			sourceTree = "<group>";
		};
		0481100A2CBA7C5800376AF1 /* ToDo */ = {
			isa = PBXGroup;
			children = (
				0481100D2CBA7EDB00376AF1 /* ToDoViewController.swift */,
				0481100F2CBA7EFC00376AF1 /* ToDoFeature.swift */,
				048110162CBA7F4C00376AF1 /* AddToDoViewController.swift */,
				048110182CBA7F8400376AF1 /* AddToDoFeature.swift */,
			);
			path = ToDo;
			sourceTree = "<group>";
		};
/* End PBXGroup section */

/* Begin PBXNativeTarget section */
		04810FD62CBA7C4A00376AF1 /* OneWayKitDemo */ = {
			isa = PBXNativeTarget;
			buildConfigurationList = 048110012CBA7C4E00376AF1 /* Build configuration list for PBXNativeTarget "OneWayKitDemo" */;
			buildPhases = (
				04810FD32CBA7C4A00376AF1 /* Sources */,
				04810FD42CBA7C4A00376AF1 /* Frameworks */,
				04810FD52CBA7C4A00376AF1 /* Resources */,
			);
			buildRules = (
			);
			dependencies = (
			);
			name = OneWayKitDemo;
			packageProductDependencies = (
				048110122CBA7F2400376AF1 /* OneWaykit */,
			);
			productName = OneWayKitDemo;
			productReference = 04810FD72CBA7C4A00376AF1 /* OneWayKitDemo.app */;
			productType = "com.apple.product-type.application";
		};
		04810FEC2CBA7C4D00376AF1 /* OneWayKitDemoTests */ = {
			isa = PBXNativeTarget;
			buildConfigurationList = 048110042CBA7C4E00376AF1 /* Build configuration list for PBXNativeTarget "OneWayKitDemoTests" */;
			buildPhases = (
				04810FE92CBA7C4D00376AF1 /* Sources */,
				04810FEA2CBA7C4D00376AF1 /* Frameworks */,
				04810FEB2CBA7C4D00376AF1 /* Resources */,
			);
			buildRules = (
			);
			dependencies = (
				04810FEF2CBA7C4D00376AF1 /* PBXTargetDependency */,
			);
			name = OneWayKitDemoTests;
			productName = OneWayKitDemoTests;
			productReference = 04810FED2CBA7C4D00376AF1 /* OneWayKitDemoTests.xctest */;
			productType = "com.apple.product-type.bundle.unit-test";
		};
		04810FF62CBA7C4D00376AF1 /* OneWayKitDemoUITests */ = {
			isa = PBXNativeTarget;
			buildConfigurationList = 048110072CBA7C4E00376AF1 /* Build configuration list for PBXNativeTarget "OneWayKitDemoUITests" */;
			buildPhases = (
				04810FF32CBA7C4D00376AF1 /* Sources */,
				04810FF42CBA7C4D00376AF1 /* Frameworks */,
				04810FF52CBA7C4D00376AF1 /* Resources */,
			);
			buildRules = (
			);
			dependencies = (
				04810FF92CBA7C4D00376AF1 /* PBXTargetDependency */,
			);
			name = OneWayKitDemoUITests;
			productName = OneWayKitDemoUITests;
			productReference = 04810FF72CBA7C4D00376AF1 /* OneWayKitDemoUITests.xctest */;
			productType = "com.apple.product-type.bundle.ui-testing";
		};
/* End PBXNativeTarget section */

/* Begin PBXProject section */
		04810FCF2CBA7C4A00376AF1 /* Project object */ = {
			isa = PBXProject;
			attributes = {
				BuildIndependentTargetsInParallel = 1;
				LastSwiftUpdateCheck = 1540;
				LastUpgradeCheck = 1540;
				TargetAttributes = {
					04810FD62CBA7C4A00376AF1 = {
						CreatedOnToolsVersion = 15.4;
					};
					04810FEC2CBA7C4D00376AF1 = {
						CreatedOnToolsVersion = 15.4;
						TestTargetID = 04810FD62CBA7C4A00376AF1;
					};
					04810FF62CBA7C4D00376AF1 = {
						CreatedOnToolsVersion = 15.4;
						TestTargetID = 04810FD62CBA7C4A00376AF1;
					};
				};
			};
			buildConfigurationList = 04810FD22CBA7C4A00376AF1 /* Build configuration list for PBXProject "OneWayKitDemo" */;
			compatibilityVersion = "Xcode 14.0";
			developmentRegion = en;
			hasScannedForEncodings = 0;
			knownRegions = (
				en,
				Base,
			);
			mainGroup = 04810FCE2CBA7C4A00376AF1;
			packageReferences = (
				048110112CBA7F2400376AF1 /* XCRemoteSwiftPackageReference "OneWayKit" */,
			);
			productRefGroup = 04810FD82CBA7C4A00376AF1 /* Products */;
			projectDirPath = "";
			projectRoot = "";
			targets = (
				04810FD62CBA7C4A00376AF1 /* OneWayKitDemo */,
				04810FEC2CBA7C4D00376AF1 /* OneWayKitDemoTests */,
				04810FF62CBA7C4D00376AF1 /* OneWayKitDemoUITests */,
			);
		};
/* End PBXProject section */

/* Begin PBXResourcesBuildPhase section */
		04810FD52CBA7C4A00376AF1 /* Resources */ = {
			isa = PBXResourcesBuildPhase;
			buildActionMask = 2147483647;
			files = (
				04810FE42CBA7C4D00376AF1 /* Assets.xcassets in Resources */,
				04810FE72CBA7C4D00376AF1 /* Base in Resources */,
				04810FE22CBA7C4A00376AF1 /* Base in Resources */,
			);
			runOnlyForDeploymentPostprocessing = 0;
		};
		04810FEB2CBA7C4D00376AF1 /* Resources */ = {
			isa = PBXResourcesBuildPhase;
			buildActionMask = 2147483647;
			files = (
			);
			runOnlyForDeploymentPostprocessing = 0;
		};
		04810FF52CBA7C4D00376AF1 /* Resources */ = {
			isa = PBXResourcesBuildPhase;
			buildActionMask = 2147483647;
			files = (
			);
			runOnlyForDeploymentPostprocessing = 0;
		};
/* End PBXResourcesBuildPhase section */

/* Begin PBXSourcesBuildPhase section */
		04810FD32CBA7C4A00376AF1 /* Sources */ = {
			isa = PBXSourcesBuildPhase;
			buildActionMask = 2147483647;
			files = (
				0481100E2CBA7EDB00376AF1 /* ToDoViewController.swift in Sources */,
				048110192CBA7F8400376AF1 /* AddToDoFeature.swift in Sources */,
				0481100C2CBA7CE700376AF1 /* ExampleTableViewController.swift in Sources */,
				04810FDB2CBA7C4A00376AF1 /* AppDelegate.swift in Sources */,
				048110172CBA7F4C00376AF1 /* AddToDoViewController.swift in Sources */,
				04810FDD2CBA7C4A00376AF1 /* SceneDelegate.swift in Sources */,
				048110102CBA7EFC00376AF1 /* ToDoFeature.swift in Sources */,
			);
			runOnlyForDeploymentPostprocessing = 0;
		};
		04810FE92CBA7C4D00376AF1 /* Sources */ = {
			isa = PBXSourcesBuildPhase;
			buildActionMask = 2147483647;
			files = (
				04810FF22CBA7C4D00376AF1 /* OneWayKitDemoTests.swift in Sources */,
			);
			runOnlyForDeploymentPostprocessing = 0;
		};
		04810FF32CBA7C4D00376AF1 /* Sources */ = {
			isa = PBXSourcesBuildPhase;
			buildActionMask = 2147483647;
			files = (
				04810FFC2CBA7C4D00376AF1 /* OneWayKitDemoUITests.swift in Sources */,
				04810FFE2CBA7C4E00376AF1 /* OneWayKitDemoUITestsLaunchTests.swift in Sources */,
			);
			runOnlyForDeploymentPostprocessing = 0;
		};
/* End PBXSourcesBuildPhase section */

/* Begin PBXTargetDependency section */
		04810FEF2CBA7C4D00376AF1 /* PBXTargetDependency */ = {
			isa = PBXTargetDependency;
			target = 04810FD62CBA7C4A00376AF1 /* OneWayKitDemo */;
			targetProxy = 04810FEE2CBA7C4D00376AF1 /* PBXContainerItemProxy */;
		};
		04810FF92CBA7C4D00376AF1 /* PBXTargetDependency */ = {
			isa = PBXTargetDependency;
			target = 04810FD62CBA7C4A00376AF1 /* OneWayKitDemo */;
			targetProxy = 04810FF82CBA7C4D00376AF1 /* PBXContainerItemProxy */;
		};
/* End PBXTargetDependency section */

/* Begin PBXVariantGroup section */
		04810FE02CBA7C4A00376AF1 /* Main.storyboard */ = {
			isa = PBXVariantGroup;
			children = (
				04810FE12CBA7C4A00376AF1 /* Base */,
			);
			name = Main.storyboard;
			sourceTree = "<group>";
		};
		04810FE52CBA7C4D00376AF1 /* LaunchScreen.storyboard */ = {
			isa = PBXVariantGroup;
			children = (
				04810FE62CBA7C4D00376AF1 /* Base */,
			);
			name = LaunchScreen.storyboard;
			sourceTree = "<group>";
		};
/* End PBXVariantGroup section */

/* Begin XCBuildConfiguration section */
		04810FFF2CBA7C4E00376AF1 /* Debug */ = {
			isa = XCBuildConfiguration;
			buildSettings = {
				ALWAYS_SEARCH_USER_PATHS = NO;
				ASSETCATALOG_COMPILER_GENERATE_SWIFT_ASSET_SYMBOL_EXTENSIONS = YES;
				CLANG_ANALYZER_NONNULL = YES;
				CLANG_ANALYZER_NUMBER_OBJECT_CONVERSION = YES_AGGRESSIVE;
				CLANG_CXX_LANGUAGE_STANDARD = "gnu++20";
				CLANG_ENABLE_MODULES = YES;
				CLANG_ENABLE_OBJC_ARC = YES;
				CLANG_ENABLE_OBJC_WEAK = YES;
				CLANG_WARN_BLOCK_CAPTURE_AUTORELEASING = YES;
				CLANG_WARN_BOOL_CONVERSION = YES;
				CLANG_WARN_COMMA = YES;
				CLANG_WARN_CONSTANT_CONVERSION = YES;
				CLANG_WARN_DEPRECATED_OBJC_IMPLEMENTATIONS = YES;
				CLANG_WARN_DIRECT_OBJC_ISA_USAGE = YES_ERROR;
				CLANG_WARN_DOCUMENTATION_COMMENTS = YES;
				CLANG_WARN_EMPTY_BODY = YES;
				CLANG_WARN_ENUM_CONVERSION = YES;
				CLANG_WARN_INFINITE_RECURSION = YES;
				CLANG_WARN_INT_CONVERSION = YES;
				CLANG_WARN_NON_LITERAL_NULL_CONVERSION = YES;
				CLANG_WARN_OBJC_IMPLICIT_RETAIN_SELF = YES;
				CLANG_WARN_OBJC_LITERAL_CONVERSION = YES;
				CLANG_WARN_OBJC_ROOT_CLASS = YES_ERROR;
				CLANG_WARN_QUOTED_INCLUDE_IN_FRAMEWORK_HEADER = YES;
				CLANG_WARN_RANGE_LOOP_ANALYSIS = YES;
				CLANG_WARN_STRICT_PROTOTYPES = YES;
				CLANG_WARN_SUSPICIOUS_MOVE = YES;
				CLANG_WARN_UNGUARDED_AVAILABILITY = YES_AGGRESSIVE;
				CLANG_WARN_UNREACHABLE_CODE = YES;
				CLANG_WARN__DUPLICATE_METHOD_MATCH = YES;
				COPY_PHASE_STRIP = NO;
				DEBUG_INFORMATION_FORMAT = dwarf;
				ENABLE_STRICT_OBJC_MSGSEND = YES;
				ENABLE_TESTABILITY = YES;
				ENABLE_USER_SCRIPT_SANDBOXING = YES;
				GCC_C_LANGUAGE_STANDARD = gnu17;
				GCC_DYNAMIC_NO_PIC = NO;
				GCC_NO_COMMON_BLOCKS = YES;
				GCC_OPTIMIZATION_LEVEL = 0;
				GCC_PREPROCESSOR_DEFINITIONS = (
					"DEBUG=1",
					"$(inherited)",
				);
				GCC_WARN_64_TO_32_BIT_CONVERSION = YES;
				GCC_WARN_ABOUT_RETURN_TYPE = YES_ERROR;
				GCC_WARN_UNDECLARED_SELECTOR = YES;
				GCC_WARN_UNINITIALIZED_AUTOS = YES_AGGRESSIVE;
				GCC_WARN_UNUSED_FUNCTION = YES;
				GCC_WARN_UNUSED_VARIABLE = YES;
				IPHONEOS_DEPLOYMENT_TARGET = 17.5;
				LOCALIZATION_PREFERS_STRING_CATALOGS = YES;
				MTL_ENABLE_DEBUG_INFO = INCLUDE_SOURCE;
				MTL_FAST_MATH = YES;
				ONLY_ACTIVE_ARCH = YES;
				SDKROOT = iphoneos;
				SWIFT_ACTIVE_COMPILATION_CONDITIONS = "DEBUG $(inherited)";
				SWIFT_OPTIMIZATION_LEVEL = "-Onone";
			};
			name = Debug;
		};
		048110002CBA7C4E00376AF1 /* Release */ = {
			isa = XCBuildConfiguration;
			buildSettings = {
				ALWAYS_SEARCH_USER_PATHS = NO;
				ASSETCATALOG_COMPILER_GENERATE_SWIFT_ASSET_SYMBOL_EXTENSIONS = YES;
				CLANG_ANALYZER_NONNULL = YES;
				CLANG_ANALYZER_NUMBER_OBJECT_CONVERSION = YES_AGGRESSIVE;
				CLANG_CXX_LANGUAGE_STANDARD = "gnu++20";
				CLANG_ENABLE_MODULES = YES;
				CLANG_ENABLE_OBJC_ARC = YES;
				CLANG_ENABLE_OBJC_WEAK = YES;
				CLANG_WARN_BLOCK_CAPTURE_AUTORELEASING = YES;
				CLANG_WARN_BOOL_CONVERSION = YES;
				CLANG_WARN_COMMA = YES;
				CLANG_WARN_CONSTANT_CONVERSION = YES;
				CLANG_WARN_DEPRECATED_OBJC_IMPLEMENTATIONS = YES;
				CLANG_WARN_DIRECT_OBJC_ISA_USAGE = YES_ERROR;
				CLANG_WARN_DOCUMENTATION_COMMENTS = YES;
				CLANG_WARN_EMPTY_BODY = YES;
				CLANG_WARN_ENUM_CONVERSION = YES;
				CLANG_WARN_INFINITE_RECURSION = YES;
				CLANG_WARN_INT_CONVERSION = YES;
				CLANG_WARN_NON_LITERAL_NULL_CONVERSION = YES;
				CLANG_WARN_OBJC_IMPLICIT_RETAIN_SELF = YES;
				CLANG_WARN_OBJC_LITERAL_CONVERSION = YES;
				CLANG_WARN_OBJC_ROOT_CLASS = YES_ERROR;
				CLANG_WARN_QUOTED_INCLUDE_IN_FRAMEWORK_HEADER = YES;
				CLANG_WARN_RANGE_LOOP_ANALYSIS = YES;
				CLANG_WARN_STRICT_PROTOTYPES = YES;
				CLANG_WARN_SUSPICIOUS_MOVE = YES;
				CLANG_WARN_UNGUARDED_AVAILABILITY = YES_AGGRESSIVE;
				CLANG_WARN_UNREACHABLE_CODE = YES;
				CLANG_WARN__DUPLICATE_METHOD_MATCH = YES;
				COPY_PHASE_STRIP = NO;
				DEBUG_INFORMATION_FORMAT = "dwarf-with-dsym";
				ENABLE_NS_ASSERTIONS = NO;
				ENABLE_STRICT_OBJC_MSGSEND = YES;
				ENABLE_USER_SCRIPT_SANDBOXING = YES;
				GCC_C_LANGUAGE_STANDARD = gnu17;
				GCC_NO_COMMON_BLOCKS = YES;
				GCC_WARN_64_TO_32_BIT_CONVERSION = YES;
				GCC_WARN_ABOUT_RETURN_TYPE = YES_ERROR;
				GCC_WARN_UNDECLARED_SELECTOR = YES;
				GCC_WARN_UNINITIALIZED_AUTOS = YES_AGGRESSIVE;
				GCC_WARN_UNUSED_FUNCTION = YES;
				GCC_WARN_UNUSED_VARIABLE = YES;
				IPHONEOS_DEPLOYMENT_TARGET = 17.5;
				LOCALIZATION_PREFERS_STRING_CATALOGS = YES;
				MTL_ENABLE_DEBUG_INFO = NO;
				MTL_FAST_MATH = YES;
				SDKROOT = iphoneos;
				SWIFT_COMPILATION_MODE = wholemodule;
				VALIDATE_PRODUCT = YES;
			};
			name = Release;
		};
		048110022CBA7C4E00376AF1 /* Debug */ = {
			isa = XCBuildConfiguration;
			buildSettings = {
				ASSETCATALOG_COMPILER_APPICON_NAME = AppIcon;
				ASSETCATALOG_COMPILER_GLOBAL_ACCENT_COLOR_NAME = AccentColor;
				CODE_SIGN_STYLE = Automatic;
				CURRENT_PROJECT_VERSION = 1;
				DEVELOPMENT_TEAM = 2F54VR68GM;
				GENERATE_INFOPLIST_FILE = YES;
				INFOPLIST_FILE = OneWayKitDemo/Info.plist;
				INFOPLIST_KEY_UIApplicationSupportsIndirectInputEvents = YES;
				INFOPLIST_KEY_UILaunchStoryboardName = LaunchScreen;
				INFOPLIST_KEY_UIMainStoryboardFile = Main;
				INFOPLIST_KEY_UISupportedInterfaceOrientations_iPad = "UIInterfaceOrientationPortrait UIInterfaceOrientationPortraitUpsideDown UIInterfaceOrientationLandscapeLeft UIInterfaceOrientationLandscapeRight";
				INFOPLIST_KEY_UISupportedInterfaceOrientations_iPhone = "UIInterfaceOrientationPortrait UIInterfaceOrientationLandscapeLeft UIInterfaceOrientationLandscapeRight";
				INFOPLIST_KEY_UIUserInterfaceStyle = Light;
				LD_RUNPATH_SEARCH_PATHS = (
					"$(inherited)",
					"@executable_path/Frameworks",
				);
				MARKETING_VERSION = 1.0;
				PRODUCT_BUNDLE_IDENTIFIER = fomagran.OneWayKitDemo;
				PRODUCT_NAME = "$(TARGET_NAME)";
				SWIFT_EMIT_LOC_STRINGS = YES;
				SWIFT_VERSION = 5.0;
				TARGETED_DEVICE_FAMILY = "1,2";
			};
			name = Debug;
		};
		048110032CBA7C4E00376AF1 /* Release */ = {
			isa = XCBuildConfiguration;
			buildSettings = {
				ASSETCATALOG_COMPILER_APPICON_NAME = AppIcon;
				ASSETCATALOG_COMPILER_GLOBAL_ACCENT_COLOR_NAME = AccentColor;
				CODE_SIGN_STYLE = Automatic;
				CURRENT_PROJECT_VERSION = 1;
				DEVELOPMENT_TEAM = 2F54VR68GM;
				GENERATE_INFOPLIST_FILE = YES;
				INFOPLIST_FILE = OneWayKitDemo/Info.plist;
				INFOPLIST_KEY_UIApplicationSupportsIndirectInputEvents = YES;
				INFOPLIST_KEY_UILaunchStoryboardName = LaunchScreen;
				INFOPLIST_KEY_UIMainStoryboardFile = Main;
				INFOPLIST_KEY_UISupportedInterfaceOrientations_iPad = "UIInterfaceOrientationPortrait UIInterfaceOrientationPortraitUpsideDown UIInterfaceOrientationLandscapeLeft UIInterfaceOrientationLandscapeRight";
				INFOPLIST_KEY_UISupportedInterfaceOrientations_iPhone = "UIInterfaceOrientationPortrait UIInterfaceOrientationLandscapeLeft UIInterfaceOrientationLandscapeRight";
				INFOPLIST_KEY_UIUserInterfaceStyle = Light;
				LD_RUNPATH_SEARCH_PATHS = (
					"$(inherited)",
					"@executable_path/Frameworks",
				);
				MARKETING_VERSION = 1.0;
				PRODUCT_BUNDLE_IDENTIFIER = fomagran.OneWayKitDemo;
				PRODUCT_NAME = "$(TARGET_NAME)";
				SWIFT_EMIT_LOC_STRINGS = YES;
				SWIFT_VERSION = 5.0;
				TARGETED_DEVICE_FAMILY = "1,2";
			};
			name = Release;
		};
		048110052CBA7C4E00376AF1 /* Debug */ = {
			isa = XCBuildConfiguration;
			buildSettings = {
				ALWAYS_EMBED_SWIFT_STANDARD_LIBRARIES = YES;
				BUNDLE_LOADER = "$(TEST_HOST)";
				CODE_SIGN_STYLE = Automatic;
				CURRENT_PROJECT_VERSION = 1;
				DEVELOPMENT_TEAM = 2F54VR68GM;
				GENERATE_INFOPLIST_FILE = YES;
				IPHONEOS_DEPLOYMENT_TARGET = 17.5;
				MARKETING_VERSION = 1.0;
				PRODUCT_BUNDLE_IDENTIFIER = fomagran.OneWayKitDemoTests;
				PRODUCT_NAME = "$(TARGET_NAME)";
				SWIFT_EMIT_LOC_STRINGS = NO;
				SWIFT_VERSION = 5.0;
				TARGETED_DEVICE_FAMILY = "1,2";
				TEST_HOST = "$(BUILT_PRODUCTS_DIR)/OneWayKitDemo.app/$(BUNDLE_EXECUTABLE_FOLDER_PATH)/OneWayKitDemo";
			};
			name = Debug;
		};
		048110062CBA7C4E00376AF1 /* Release */ = {
			isa = XCBuildConfiguration;
			buildSettings = {
				ALWAYS_EMBED_SWIFT_STANDARD_LIBRARIES = YES;
				BUNDLE_LOADER = "$(TEST_HOST)";
				CODE_SIGN_STYLE = Automatic;
				CURRENT_PROJECT_VERSION = 1;
				DEVELOPMENT_TEAM = 2F54VR68GM;
				GENERATE_INFOPLIST_FILE = YES;
				IPHONEOS_DEPLOYMENT_TARGET = 17.5;
				MARKETING_VERSION = 1.0;
				PRODUCT_BUNDLE_IDENTIFIER = fomagran.OneWayKitDemoTests;
				PRODUCT_NAME = "$(TARGET_NAME)";
				SWIFT_EMIT_LOC_STRINGS = NO;
				SWIFT_VERSION = 5.0;
				TARGETED_DEVICE_FAMILY = "1,2";
				TEST_HOST = "$(BUILT_PRODUCTS_DIR)/OneWayKitDemo.app/$(BUNDLE_EXECUTABLE_FOLDER_PATH)/OneWayKitDemo";
			};
			name = Release;
		};
		048110082CBA7C4E00376AF1 /* Debug */ = {
			isa = XCBuildConfiguration;
			buildSettings = {
				ALWAYS_EMBED_SWIFT_STANDARD_LIBRARIES = YES;
				CODE_SIGN_STYLE = Automatic;
				CURRENT_PROJECT_VERSION = 1;
				DEVELOPMENT_TEAM = 2F54VR68GM;
				GENERATE_INFOPLIST_FILE = YES;
				MARKETING_VERSION = 1.0;
				PRODUCT_BUNDLE_IDENTIFIER = fomagran.OneWayKitDemoUITests;
				PRODUCT_NAME = "$(TARGET_NAME)";
				SWIFT_EMIT_LOC_STRINGS = NO;
				SWIFT_VERSION = 5.0;
				TARGETED_DEVICE_FAMILY = "1,2";
				TEST_TARGET_NAME = OneWayKitDemo;
			};
			name = Debug;
		};
		048110092CBA7C4E00376AF1 /* Release */ = {
			isa = XCBuildConfiguration;
			buildSettings = {
				ALWAYS_EMBED_SWIFT_STANDARD_LIBRARIES = YES;
				CODE_SIGN_STYLE = Automatic;
				CURRENT_PROJECT_VERSION = 1;
				DEVELOPMENT_TEAM = 2F54VR68GM;
				GENERATE_INFOPLIST_FILE = YES;
				MARKETING_VERSION = 1.0;
				PRODUCT_BUNDLE_IDENTIFIER = fomagran.OneWayKitDemoUITests;
				PRODUCT_NAME = "$(TARGET_NAME)";
				SWIFT_EMIT_LOC_STRINGS = NO;
				SWIFT_VERSION = 5.0;
				TARGETED_DEVICE_FAMILY = "1,2";
				TEST_TARGET_NAME = OneWayKitDemo;
			};
			name = Release;
		};
/* End XCBuildConfiguration section */

/* Begin XCConfigurationList section */
		04810FD22CBA7C4A00376AF1 /* Build configuration list for PBXProject "OneWayKitDemo" */ = {
			isa = XCConfigurationList;
			buildConfigurations = (
				04810FFF2CBA7C4E00376AF1 /* Debug */,
				048110002CBA7C4E00376AF1 /* Release */,
			);
			defaultConfigurationIsVisible = 0;
			defaultConfigurationName = Release;
		};
		048110012CBA7C4E00376AF1 /* Build configuration list for PBXNativeTarget "OneWayKitDemo" */ = {
			isa = XCConfigurationList;
			buildConfigurations = (
				048110022CBA7C4E00376AF1 /* Debug */,
				048110032CBA7C4E00376AF1 /* Release */,
			);
			defaultConfigurationIsVisible = 0;
			defaultConfigurationName = Release;
		};
		048110042CBA7C4E00376AF1 /* Build configuration list for PBXNativeTarget "OneWayKitDemoTests" */ = {
			isa = XCConfigurationList;
			buildConfigurations = (
				048110052CBA7C4E00376AF1 /* Debug */,
				048110062CBA7C4E00376AF1 /* Release */,
			);
			defaultConfigurationIsVisible = 0;
			defaultConfigurationName = Release;
		};
		048110072CBA7C4E00376AF1 /* Build configuration list for PBXNativeTarget "OneWayKitDemoUITests" */ = {
			isa = XCConfigurationList;
			buildConfigurations = (
				048110082CBA7C4E00376AF1 /* Debug */,
				048110092CBA7C4E00376AF1 /* Release */,
			);
			defaultConfigurationIsVisible = 0;
			defaultConfigurationName = Release;
		};
/* End XCConfigurationList section */

/* Begin XCRemoteSwiftPackageReference section */
		048110112CBA7F2400376AF1 /* XCRemoteSwiftPackageReference "OneWayKit" */ = {
			isa = XCRemoteSwiftPackageReference;
			repositoryURL = "https://github.com/fomagran/OneWayKit";
			requirement = {
				branch = main;
				kind = branch;
			};
		};
/* End XCRemoteSwiftPackageReference section */

/* Begin XCSwiftPackageProductDependency section */
		048110122CBA7F2400376AF1 /* OneWaykit */ = {
			isa = XCSwiftPackageProductDependency;
			package = 048110112CBA7F2400376AF1 /* XCRemoteSwiftPackageReference "OneWayKit" */;
			productName = OneWaykit;
		};
/* End XCSwiftPackageProductDependency section */
	};
	rootObject = 04810FCF2CBA7C4A00376AF1 /* Project object */;
}
